// !$*UTF8*$!
{
	archiveVersion = 1;
	classes = {
	};
	objectVersion = 46;
	objects = {

/* Begin PBXBuildFile section */
		9FC2B8062013EA9A00E2EB26 /* AppDelegate.swift in Sources */ = {isa = PBXBuildFile; fileRef = 9FC2B8052013EA9A00E2EB26 /* AppDelegate.swift */; };
		9FC2B8082013EA9A00E2EB26 /* ViewController.swift in Sources */ = {isa = PBXBuildFile; fileRef = 9FC2B8072013EA9A00E2EB26 /* ViewController.swift */; };
		9FC2B80B2013EA9A00E2EB26 /* Main.storyboard in Resources */ = {isa = PBXBuildFile; fileRef = 9FC2B8092013EA9A00E2EB26 /* Main.storyboard */; };
		9FC2B80D2013EA9A00E2EB26 /* Assets.xcassets in Resources */ = {isa = PBXBuildFile; fileRef = 9FC2B80C2013EA9A00E2EB26 /* Assets.xcassets */; };
		9FC2B8102013EA9A00E2EB26 /* LaunchScreen.storyboard in Resources */ = {isa = PBXBuildFile; fileRef = 9FC2B80E2013EA9A00E2EB26 /* LaunchScreen.storyboard */; };
/* End PBXBuildFile section */

/* Begin PBXFileReference section */
		9FC2B8022013EA9A00E2EB26 /* Allergens.app */ = {isa = PBXFileReference; explicitFileType = wrapper.application; includeInIndex = 0; path = Allergens.app; sourceTree = BUILT_PRODUCTS_DIR; };
		9FC2B8052013EA9A00E2EB26 /* AppDelegate.swift */ = {isa = PBXFileReference; lastKnownFileType = sourcecode.swift; path = AppDelegate.swift; sourceTree = "<group>"; };
		9FC2B8072013EA9A00E2EB26 /* ViewController.swift */ = {isa = PBXFileReference; lastKnownFileType = sourcecode.swift; path = ViewController.swift; sourceTree = "<group>"; };
		9FC2B80A2013EA9A00E2EB26 /* Base */ = {isa = PBXFileReference; lastKnownFileType = file.storyboard; name = Base; path = Base.lproj/Main.storyboard; sourceTree = "<group>"; };
		9FC2B80C2013EA9A00E2EB26 /* Assets.xcassets */ = {isa = PBXFileReference; lastKnownFileType = folder.assetcatalog; path = Assets.xcassets; sourceTree = "<group>"; };
		9FC2B80F2013EA9A00E2EB26 /* Base */ = {isa = PBXFileReference; lastKnownFileType = file.storyboard; name = Base; path = Base.lproj/LaunchScreen.storyboard; sourceTree = "<group>"; };
		9FC2B8112013EA9A00E2EB26 /* Info.plist */ = {isa = PBXFileReference; lastKnownFileType = text.plist.xml; path = Info.plist; sourceTree = "<group>"; };
/* End PBXFileReference section */

/* Begin PBXFrameworksBuildPhase section */
		9FC2B7FF2013EA9A00E2EB26 /* Frameworks */ = {
			isa = PBXFrameworksBuildPhase;
			buildActionMask = 2147483647;
			files = (
			);
			runOnlyForDeploymentPostprocessing = 0;
		};
/* End PBXFrameworksBuildPhase section */

/* Begin PBXGroup section */
		9FC2B7F92013EA9A00E2EB26 = {
			isa = PBXGroup;
			children = (
				9FC2B8042013EA9A00E2EB26 /* Allergens */,
				9FC2B8032013EA9A00E2EB26 /* Products */,
			);
			sourceTree = "<group>";
		};
		9FC2B8032013EA9A00E2EB26 /* Products */ = {
			isa = PBXGroup;
			children = (
				9FC2B8022013EA9A00E2EB26 /* Allergens.app */,
			);
			name = Products;
			sourceTree = "<group>";
		};
		9FC2B8042013EA9A00E2EB26 /* Allergens */ = {
			isa = PBXGroup;
			children = (
				9FC2B8052013EA9A00E2EB26 /* AppDelegate.swift */,
				9FC2B8072013EA9A00E2EB26 /* ViewController.swift */,
				9FC2B8092013EA9A00E2EB26 /* Main.storyboard */,
				9FC2B80C2013EA9A00E2EB26 /* Assets.xcassets */,
				9FC2B80E2013EA9A00E2EB26 /* LaunchScreen.storyboard */,
				9FC2B8112013EA9A00E2EB26 /* Info.plist */,
			);
			path = Allergens;
			sourceTree = "<group>";
		};
/* End PBXGroup section */

/* Begin PBXNativeTarget section */
		9FC2B8012013EA9A00E2EB26 /* Allergens */ = {
			isa = PBXNativeTarget;
			buildConfigurationList = 9FC2B8142013EA9A00E2EB26 /* Build configuration list for PBXNativeTarget "Allergens" */;
			buildPhases = (
				9FC2B7FE2013EA9A00E2EB26 /* Sources */,
				9FC2B7FF2013EA9A00E2EB26 /* Frameworks */,
				9FC2B8002013EA9A00E2EB26 /* Resources */,
			);
			buildRules = (
			);
			dependencies = (
			);
			name = Allergens;
			productName = Allergens;
			productReference = 9FC2B8022013EA9A00E2EB26 /* Allergens.app */;
			productType = "com.apple.product-type.application";
		};
/* End PBXNativeTarget section */

/* Begin PBXProject section */
		9FC2B7FA2013EA9A00E2EB26 /* Project object */ = {
			isa = PBXProject;
			attributes = {
				LastSwiftUpdateCheck = 0830;
				LastUpgradeCheck = 0830;
				ORGANIZATIONNAME = "Skyler Bala";
				TargetAttributes = {
					9FC2B8012013EA9A00E2EB26 = {
						CreatedOnToolsVersion = 8.3.3;
						DevelopmentTeam = BX4CBW4TS6;
						ProvisioningStyle = Automatic;
					};
				};
			};
			buildConfigurationList = 9FC2B7FD2013EA9A00E2EB26 /* Build configuration list for PBXProject "Allergens" */;
			compatibilityVersion = "Xcode 3.2";
			developmentRegion = English;
			hasScannedForEncodings = 0;
			knownRegions = (
				en,
				Base,
			);
			mainGroup = 9FC2B7F92013EA9A00E2EB26;
			productRefGroup = 9FC2B8032013EA9A00E2EB26 /* Products */;
			projectDirPath = "";
			projectRoot = "";
			targets = (
				9FC2B8012013EA9A00E2EB26 /* Allergens */,
			);
		};
/* End PBXProject section */

/* Begin PBXResourcesBuildPhase section */
		9FC2B8002013EA9A00E2EB26 /* Resources */ = {
			isa = PBXResourcesBuildPhase;
			buildActionMask = 2147483647;
			files = (
				9FC2B8102013EA9A00E2EB26 /* LaunchScreen.storyboard in Resources */,
				9FC2B80D2013EA9A00E2EB26 /* Assets.xcassets in Resources */,
				9FC2B80B2013EA9A00E2EB26 /* Main.storyboard in Resources */,
			);
			runOnlyForDeploymentPostprocessing = 0;
		};
/* End PBXResourcesBuildPhase section */

/* Begin PBXSourcesBuildPhase section */
		9FC2B7FE2013EA9A00E2EB26 /* Sources */ = {
			isa = PBXSourcesBuildPhase;
			buildActionMask = 2147483647;
			files = (
				9FC2B8082013EA9A00E2EB26 /* ViewController.swift in Sources */,
				9FC2B8062013EA9A00E2EB26 /* AppDelegate.swift in Sources */,
			);
			runOnlyForDeploymentPostprocessing = 0;
		};
/* End PBXSourcesBuildPhase section */

/* Begin PBXVariantGroup section */
		9FC2B8092013EA9A00E2EB26 /* Main.storyboard */ = {
			isa = PBXVariantGroup;
			children = (
				9FC2B80A2013EA9A00E2EB26 /* Base */,
			);
			name = Main.storyboard;
			sourceTree = "<group>";
		};
		9FC2B80E2013EA9A00E2EB26 /* LaunchScreen.storyboard */ = {
			isa = PBXVariantGroup;
			children = (
				9FC2B80F2013EA9A00E2EB26 /* Base */,
			);
			name = LaunchScreen.storyboard;
			sourceTree = "<group>";
		};
/* End PBXVariantGroup section */

/* Begin XCBuildConfiguration section */
		9FC2B8122013EA9A00E2EB26 /* Debug */ = {
			isa = XCBuildConfiguration;
			buildSettings = {
				ALWAYS_SEARCH_USER_PATHS = NO;
				CLANG_ANALYZER_NONNULL = YES;
				CLANG_ANALYZER_NUMBER_OBJECT_CONVERSION = YES_AGGRESSIVE;
				CLANG_CXX_LANGUAGE_STANDARD = "gnu++0x";
				CLANG_CXX_LIBRARY = "libc++";
				CLANG_ENABLE_MODULES = YES;
				CLANG_ENABLE_OBJC_ARC = YES;
				CLANG_WARN_BOOL_CONVERSION = YES;
				CLANG_WARN_CONSTANT_CONVERSION = YES;
				CLANG_WARN_DIRECT_OBJC_ISA_USAGE = YES_ERROR;
				CLANG_WARN_DOCUMENTATION_COMMENTS = YES;
				CLANG_WARN_EMPTY_BODY = YES;
				CLANG_WARN_ENUM_CONVERSION = YES;
				CLANG_WARN_INFINITE_RECURSION = YES;
				CLANG_WARN_INT_CONVERSION = YES;
				CLANG_WARN_OBJC_ROOT_CLASS = YES_ERROR;
				CLANG_WARN_SUSPICIOUS_MOVE = YES;
				CLANG_WARN_UNREACHABLE_CODE = YES;
				CLANG_WARN__DUPLICATE_METHOD_MATCH = YES;
				"CODE_SIGN_IDENTITY[sdk=iphoneos*]" = "iPhone Developer";
				COPY_PHASE_STRIP = NO;
				DEBUG_INFORMATION_FORMAT = dwarf;
				ENABLE_STRICT_OBJC_MSGSEND = YES;
				ENABLE_TESTABILITY = YES;
				GCC_C_LANGUAGE_STANDARD = gnu99;
				GCC_DYNAMIC_NO_PIC = NO;
				GCC_NO_COMMON_BLOCKS = YES;
				GCC_OPTIMIZATION_LEVEL = 0;
				GCC_PREPROCESSOR_DEFINITIONS = (
					"DEBUG=1",
					"$(inherited)",
				);
				GCC_WARN_64_TO_32_BIT_CONVERSION = YES;
				GCC_WARN_ABOUT_RETURN_TYPE = YES_ERROR;
				GCC_WARN_UNDECLARED_SELECTOR = YES;
				GCC_WARN_UNINITIALIZED_AUTOS = YES_AGGRESSIVE;
				GCC_WARN_UNUSED_FUNCTION = YES;
				GCC_WARN_UNUSED_VARIABLE = YES;
				IPHONEOS_DEPLOYMENT_TARGET = 10.3;
				MTL_ENABLE_DEBUG_INFO = YES;
				ONLY_ACTIVE_ARCH = YES;
				SDKROOT = iphoneos;
				SWIFT_ACTIVE_COMPILATION_CONDITIONS = DEBUG;
				SWIFT_OPTIMIZATION_LEVEL = "-Onone";
				TARGETED_DEVICE_FAMILY = "1,2";
			};
			name = Debug;
		};
		9FC2B8132013EA9A00E2EB26 /* Release */ = {
			isa = XCBuildConfiguration;
			buildSettings = {
				ALWAYS_SEARCH_USER_PATHS = NO;
				CLANG_ANALYZER_NONNULL = YES;
				CLANG_ANALYZER_NUMBER_OBJECT_CONVERSION = YES_AGGRESSIVE;
				CLANG_CXX_LANGUAGE_STANDARD = "gnu++0x";
				CLANG_CXX_LIBRARY = "libc++";
				CLANG_ENABLE_MODULES = YES;
				CLANG_ENABLE_OBJC_ARC = YES;
				CLANG_WARN_BOOL_CONVERSION = YES;
				CLANG_WARN_CONSTANT_CONVERSION = YES;
				CLANG_WARN_DIRECT_OBJC_ISA_USAGE = YES_ERROR;
				CLANG_WARN_DOCUMENTATION_COMMENTS = YES;
				CLANG_WARN_EMPTY_BODY = YES;
				CLANG_WARN_ENUM_CONVERSION = YES;
				CLANG_WARN_INFINITE_RECURSION = YES;
				CLANG_WARN_INT_CONVERSION = YES;
				CLANG_WARN_OBJC_ROOT_CLASS = YES_ERROR;
				CLANG_WARN_SUSPICIOUS_MOVE = YES;
				CLANG_WARN_UNREACHABLE_CODE = YES;
				CLANG_WARN__DUPLICATE_METHOD_MATCH = YES;
				"CODE_SIGN_IDENTITY[sdk=iphoneos*]" = "iPhone Developer";
				COPY_PHASE_STRIP = NO;
				DEBUG_INFORMATION_FORMAT = "dwarf-with-dsym";
				ENABLE_NS_ASSERTIONS = NO;
				ENABLE_STRICT_OBJC_MSGSEND = YES;
				GCC_C_LANGUAGE_STANDARD = gnu99;
				GCC_NO_COMMON_BLOCKS = YES;
				GCC_WARN_64_TO_32_BIT_CONVERSION = YES;
				GCC_WARN_ABOUT_RETURN_TYPE = YES_ERROR;
				GCC_WARN_UNDECLARED_SELECTOR = YES;
				GCC_WARN_UNINITIALIZED_AUTOS = YES_AGGRESSIVE;
				GCC_WARN_UNUSED_FUNCTION = YES;
				GCC_WARN_UNUSED_VARIABLE = YES;
				IPHONEOS_DEPLOYMENT_TARGET = 10.3;
				MTL_ENABLE_DEBUG_INFO = NO;
				SDKROOT = iphoneos;
				SWIFT_OPTIMIZATION_LEVEL = "-Owholemodule";
				TARGETED_DEVICE_FAMILY = "1,2";
				VALIDATE_PRODUCT = YES;
			};
			name = Release;
		};
		9FC2B8152013EA9A00E2EB26 /* Debug */ = {
			isa = XCBuildConfiguration;
			buildSettings = {
				ASSETCATALOG_COMPILER_APPICON_NAME = AppIcon;
				DEVELOPMENT_TEAM = BX4CBW4TS6;
				INFOPLIST_FILE = Allergens/Info.plist;
				LD_RUNPATH_SEARCH_PATHS = "$(inherited) @executable_path/Frameworks";
				PRODUCT_BUNDLE_IDENTIFIER = com.SkylerBala.Allergens;
				PRODUCT_NAME = "$(TARGET_NAME)";
				SWIFT_VERSION = 3.0;
			};
			name = Debug;
		};
		9FC2B8162013EA9A00E2EB26 /* Release */ = {
			isa = XCBuildConfiguration;
			buildSettings = {
				ASSETCATALOG_COMPILER_APPICON_NAME = AppIcon;
				DEVELOPMENT_TEAM = BX4CBW4TS6;
				INFOPLIST_FILE = Allergens/Info.plist;
				LD_RUNPATH_SEARCH_PATHS = "$(inherited) @executable_path/Frameworks";
				PRODUCT_BUNDLE_IDENTIFIER = com.SkylerBala.Allergens;
				PRODUCT_NAME = "$(TARGET_NAME)";
				SWIFT_VERSION = 3.0;
			};
			name = Release;
		};
/* End XCBuildConfiguration section */

/* Begin XCConfigurationList section */
		9FC2B7FD2013EA9A00E2EB26 /* Build configuration list for PBXProject "Allergens" */ = {
			isa = XCConfigurationList;
			buildConfigurations = (
				9FC2B8122013EA9A00E2EB26 /* Debug */,
				9FC2B8132013EA9A00E2EB26 /* Release */,
			);
			defaultConfigurationIsVisible = 0;
			defaultConfigurationName = Release;
		};
		9FC2B8142013EA9A00E2EB26 /* Build configuration list for PBXNativeTarget "Allergens" */ = {
			isa = XCConfigurationList;
			buildConfigurations = (
				9FC2B8152013EA9A00E2EB26 /* Debug */,
				9FC2B8162013EA9A00E2EB26 /* Release */,
			);
			defaultConfigurationIsVisible = 0;
		};
/* End XCConfigurationList section */
	};
	rootObject = 9FC2B7FA2013EA9A00E2EB26 /* Project object */;
}
